
Microsoft Visual Studio Solution File, Format Version 12.00
# Visual Studio Version 17
VisualStudioVersion = 17.0.31903.59
MinimumVisualStudioVersion = 10.0.40219.1
Project("{2150E333-8FDC-42A3-9474-1A3956D46DE8}") = "src", "src", "{827E0CD3-B72D-47B6-A68D-7590B98EB39B}"
EndProject
Project("{FAE04EC0-301F-11D3-BF4B-00C04F79EFBC}") = "VibeCatchEditor.App", "src\VibeCatchEditor.App\VibeCatchEditor.App.csproj", "{6F306EC3-5358-47DA-BDD4-831633896FEF}"
EndProject
Project("{FAE04EC0-301F-11D3-BF4B-00C04F79EFBC}") = "VibeCatchEditor.Core", "src\VibeCatchEditor.Core\VibeCatchEditor.Core.csproj", "{CAD17EBA-C333-4EF1-9D22-903EBB2F85AE}"
EndProject
Project("{2150E333-8FDC-42A3-9474-1A3956D46DE8}") = "tests", "tests", "{0AB3BF05-4346-4AA6-1389-037BE0695223}"
EndProject
Project("{FAE04EC0-301F-11D3-BF4B-00C04F79EFBC}") = "VibeCatchEditor.Core.Tests", "tests\VibeCatchEditor.Core.Tests\VibeCatchEditor.Core.Tests.csproj", "{BC28C8D9-6443-473D-B373-502613784366}"
EndProject
Project("{FAE04EC0-301F-11D3-BF4B-00C04F79EFBC}") = "VibeCatchEditor.App.Tests", "tests\VibeCatchEditor.App.Tests\VibeCatchEditor.App.Tests.csproj", "{05420CF7-E372-449B-BF90-9942ECA0FFA2}"
EndProject
Project("{FAE04EC0-301F-11D3-BF4B-00C04F79EFBC}") = "VibeCatchEditor.Gameplay.Tests", "tests\VibeCatchEditor.Gameplay.Tests\VibeCatchEditor.Gameplay.Tests.csproj", "{A367BD4A-F687-4E90-AA40-2B5917597898}"
EndProject
Project("{FAE04EC0-301F-11D3-BF4B-00C04F79EFBC}") = "VibeCatchEditor.SkinArchive.Tests", "tests\VibeCatchEditor.SkinArchive.Tests\VibeCatchEditor.SkinArchive.Tests.csproj", "{C93FE238-DBE5-47C6-8A20-C533313E6017}"
EndProject
Project("{FAE04EC0-301F-11D3-BF4B-00C04F79EFBC}") = "VibeCatchEditor.Skinning.Tests", "tests\VibeCatchEditor.Skinning.Tests\VibeCatchEditor.Skinning.Tests.csproj", "{1C28D7CF-818C-4158-896A-80D94DFFAF52}"
EndProject
Project("{FAE04EC0-301F-11D3-BF4B-00C04F79EFBC}") = "VibeCatchEditor.Formats.Tests", "tests\VibeCatchEditor.Formats.Tests\VibeCatchEditor.Formats.Tests.csproj", "{B428907C-534E-4FCC-B73F-34D589307F3C}"
EndProject
Project("{FAE04EC0-301F-11D3-BF4B-00C04F79EFBC}") = "VibeCatchEditor.Audio.Tests", "tests\VibeCatchEditor.Audio.Tests\VibeCatchEditor.Audio.Tests.csproj", "{F5C12233-5E9A-46DA-9C58-79712888C556}"
EndProject
Global
	GlobalSection(SolutionConfigurationPlatforms) = preSolution
		Debug|Any CPU = Debug|Any CPU
		Debug|x64 = Debug|x64
		Debug|x86 = Debug|x86
		Release|Any CPU = Release|Any CPU
		Release|x64 = Release|x64
		Release|x86 = Release|x86
	EndGlobalSection
	GlobalSection(ProjectConfigurationPlatforms) = postSolution
		{6F306EC3-5358-47DA-BDD4-831633896FEF}.Debug|Any CPU.ActiveCfg = Debug|Any CPU
		{6F306EC3-5358-47DA-BDD4-831633896FEF}.Debug|Any CPU.Build.0 = Debug|Any CPU
		{6F306EC3-5358-47DA-BDD4-831633896FEF}.Debug|x64.ActiveCfg = Debug|Any CPU
		{6F306EC3-5358-47DA-BDD4-831633896FEF}.Debug|x64.Build.0 = Debug|Any CPU
		{6F306EC3-5358-47DA-BDD4-831633896FEF}.Debug|x86.ActiveCfg = Debug|Any CPU
		{6F306EC3-5358-47DA-BDD4-831633896FEF}.Debug|x86.Build.0 = Debug|Any CPU
		{6F306EC3-5358-47DA-BDD4-831633896FEF}.Release|Any CPU.ActiveCfg = Release|Any CPU
		{6F306EC3-5358-47DA-BDD4-831633896FEF}.Release|Any CPU.Build.0 = Release|Any CPU
		{6F306EC3-5358-47DA-BDD4-831633896FEF}.Release|x64.ActiveCfg = Release|Any CPU
		{6F306EC3-5358-47DA-BDD4-831633896FEF}.Release|x64.Build.0 = Release|Any CPU
		{6F306EC3-5358-47DA-BDD4-831633896FEF}.Release|x86.ActiveCfg = Release|Any CPU
		{6F306EC3-5358-47DA-BDD4-831633896FEF}.Release|x86.Build.0 = Release|Any CPU
		{CAD17EBA-C333-4EF1-9D22-903EBB2F85AE}.Debug|Any CPU.ActiveCfg = Debug|Any CPU
		{CAD17EBA-C333-4EF1-9D22-903EBB2F85AE}.Debug|Any CPU.Build.0 = Debug|Any CPU
		{CAD17EBA-C333-4EF1-9D22-903EBB2F85AE}.Debug|x64.ActiveCfg = Debug|Any CPU
		{CAD17EBA-C333-4EF1-9D22-903EBB2F85AE}.Debug|x64.Build.0 = Debug|Any CPU
		{CAD17EBA-C333-4EF1-9D22-903EBB2F85AE}.Debug|x86.ActiveCfg = Debug|Any CPU
		{CAD17EBA-C333-4EF1-9D22-903EBB2F85AE}.Debug|x86.Build.0 = Debug|Any CPU
		{CAD17EBA-C333-4EF1-9D22-903EBB2F85AE}.Release|Any CPU.ActiveCfg = Release|Any CPU
		{CAD17EBA-C333-4EF1-9D22-903EBB2F85AE}.Release|Any CPU.Build.0 = Release|Any CPU
		{CAD17EBA-C333-4EF1-9D22-903EBB2F85AE}.Release|x64.ActiveCfg = Release|Any CPU
		{CAD17EBA-C333-4EF1-9D22-903EBB2F85AE}.Release|x64.Build.0 = Release|Any CPU
		{CAD17EBA-C333-4EF1-9D22-903EBB2F85AE}.Release|x86.ActiveCfg = Release|Any CPU
		{CAD17EBA-C333-4EF1-9D22-903EBB2F85AE}.Release|x86.Build.0 = Release|Any CPU
		{BC28C8D9-6443-473D-B373-502613784366}.Debug|Any CPU.ActiveCfg = Debug|Any CPU
		{BC28C8D9-6443-473D-B373-502613784366}.Debug|Any CPU.Build.0 = Debug|Any CPU
		{BC28C8D9-6443-473D-B373-502613784366}.Debug|x64.ActiveCfg = Debug|Any CPU
		{BC28C8D9-6443-473D-B373-502613784366}.Debug|x64.Build.0 = Debug|Any CPU
		{BC28C8D9-6443-473D-B373-502613784366}.Debug|x86.ActiveCfg = Debug|Any CPU
		{BC28C8D9-6443-473D-B373-502613784366}.Debug|x86.Build.0 = Debug|Any CPU
		{BC28C8D9-6443-473D-B373-502613784366}.Release|Any CPU.ActiveCfg = Release|Any CPU
		{BC28C8D9-6443-473D-B373-502613784366}.Release|Any CPU.Build.0 = Release|Any CPU
		{BC28C8D9-6443-473D-B373-502613784366}.Release|x64.ActiveCfg = Release|Any CPU
		{BC28C8D9-6443-473D-B373-502613784366}.Release|x64.Build.0 = Release|Any CPU
		{BC28C8D9-6443-473D-B373-502613784366}.Release|x86.ActiveCfg = Release|Any CPU
		{BC28C8D9-6443-473D-B373-502613784366}.Release|x86.Build.0 = Release|Any CPU
		{05420CF7-E372-449B-BF90-9942ECA0FFA2}.Debug|Any CPU.ActiveCfg = Debug|Any CPU
		{05420CF7-E372-449B-BF90-9942ECA0FFA2}.Debug|Any CPU.Build.0 = Debug|Any CPU
		{05420CF7-E372-449B-BF90-9942ECA0FFA2}.Debug|x64.ActiveCfg = Debug|Any CPU
		{05420CF7-E372-449B-BF90-9942ECA0FFA2}.Debug|x64.Build.0 = Debug|Any CPU
		{05420CF7-E372-449B-BF90-9942ECA0FFA2}.Debug|x86.ActiveCfg = Debug|Any CPU
		{05420CF7-E372-449B-BF90-9942ECA0FFA2}.Debug|x86.Build.0 = Debug|Any CPU
		{05420CF7-E372-449B-BF90-9942ECA0FFA2}.Release|Any CPU.ActiveCfg = Release|Any CPU
		{05420CF7-E372-449B-BF90-9942ECA0FFA2}.Release|Any CPU.Build.0 = Release|Any CPU
		{05420CF7-E372-449B-BF90-9942ECA0FFA2}.Release|x64.ActiveCfg = Release|Any CPU
		{05420CF7-E372-449B-BF90-9942ECA0FFA2}.Release|x64.Build.0 = Release|Any CPU
		{05420CF7-E372-449B-BF90-9942ECA0FFA2}.Release|x86.ActiveCfg = Release|Any CPU
		{05420CF7-E372-449B-BF90-9942ECA0FFA2}.Release|x86.Build.0 = Release|Any CPU
		{A367BD4A-F687-4E90-AA40-2B5917597898}.Debug|Any CPU.ActiveCfg = Debug|Any CPU
		{A367BD4A-F687-4E90-AA40-2B5917597898}.Debug|Any CPU.Build.0 = Debug|Any CPU
		{A367BD4A-F687-4E90-AA40-2B5917597898}.Debug|x64.ActiveCfg = Debug|Any CPU
		{A367BD4A-F687-4E90-AA40-2B5917597898}.Debug|x64.Build.0 = Debug|Any CPU
		{A367BD4A-F687-4E90-AA40-2B5917597898}.Debug|x86.ActiveCfg = Debug|Any CPU
		{A367BD4A-F687-4E90-AA40-2B5917597898}.Debug|x86.Build.0 = Debug|Any CPU
		{A367BD4A-F687-4E90-AA40-2B5917597898}.Release|Any CPU.ActiveCfg = Release|Any CPU
		{A367BD4A-F687-4E90-AA40-2B5917597898}.Release|Any CPU.Build.0 = Release|Any CPU
		{A367BD4A-F687-4E90-AA40-2B5917597898}.Release|x64.ActiveCfg = Release|Any CPU
		{A367BD4A-F687-4E90-AA40-2B5917597898}.Release|x64.Build.0 = Release|Any CPU
		{A367BD4A-F687-4E90-AA40-2B5917597898}.Release|x86.ActiveCfg = Release|Any CPU
		{A367BD4A-F687-4E90-AA40-2B5917597898}.Release|x86.Build.0 = Release|Any CPU
		{C93FE238-DBE5-47C6-8A20-C533313E6017}.Debug|Any CPU.ActiveCfg = Debug|Any CPU
		{C93FE238-DBE5-47C6-8A20-C533313E6017}.Debug|Any CPU.Build.0 = Debug|Any CPU
		{C93FE238-DBE5-47C6-8A20-C533313E6017}.Debug|x64.ActiveCfg = Debug|Any CPU
		{C93FE238-DBE5-47C6-8A20-C533313E6017}.Debug|x64.Build.0 = Debug|Any CPU
		{C93FE238-DBE5-47C6-8A20-C533313E6017}.Debug|x86.ActiveCfg = Debug|Any CPU
		{C93FE238-DBE5-47C6-8A20-C533313E6017}.Debug|x86.Build.0 = Debug|Any CPU
		{C93FE238-DBE5-47C6-8A20-C533313E6017}.Release|Any CPU.ActiveCfg = Release|Any CPU
		{C93FE238-DBE5-47C6-8A20-C533313E6017}.Release|Any CPU.Build.0 = Release|Any CPU
		{C93FE238-DBE5-47C6-8A20-C533313E6017}.Release|x64.ActiveCfg = Release|Any CPU
		{C93FE238-DBE5-47C6-8A20-C533313E6017}.Release|x64.Build.0 = Release|Any CPU
		{C93FE238-DBE5-47C6-8A20-C533313E6017}.Release|x86.ActiveCfg = Release|Any CPU
		{C93FE238-DBE5-47C6-8A20-C533313E6017}.Release|x86.Build.0 = Release|Any CPU
		{1C28D7CF-818C-4158-896A-80D94DFFAF52}.Debug|Any CPU.ActiveCfg = Debug|Any CPU
		{1C28D7CF-818C-4158-896A-80D94DFFAF52}.Debug|Any CPU.Build.0 = Debug|Any CPU
		{1C28D7CF-818C-4158-896A-80D94DFFAF52}.Debug|x64.ActiveCfg = Debug|Any CPU
		{1C28D7CF-818C-4158-896A-80D94DFFAF52}.Debug|x64.Build.0 = Debug|Any CPU
		{1C28D7CF-818C-4158-896A-80D94DFFAF52}.Debug|x86.ActiveCfg = Debug|Any CPU
		{1C28D7CF-818C-4158-896A-80D94DFFAF52}.Debug|x86.Build.0 = Debug|Any CPU
		{1C28D7CF-818C-4158-896A-80D94DFFAF52}.Release|Any CPU.ActiveCfg = Release|Any CPU
		{1C28D7CF-818C-4158-896A-80D94DFFAF52}.Release|Any CPU.Build.0 = Release|Any CPU
		{1C28D7CF-818C-4158-896A-80D94DFFAF52}.Release|x64.ActiveCfg = Release|Any CPU
		{1C28D7CF-818C-4158-896A-80D94DFFAF52}.Release|x64.Build.0 = Release|Any CPU
		{1C28D7CF-818C-4158-896A-80D94DFFAF52}.Release|x86.ActiveCfg = Release|Any CPU
		{1C28D7CF-818C-4158-896A-80D94DFFAF52}.Release|x86.Build.0 = Release|Any CPU
		{B428907C-534E-4FCC-B73F-34D589307F3C}.Debug|Any CPU.ActiveCfg = Debug|Any CPU
		{B428907C-534E-4FCC-B73F-34D589307F3C}.Debug|Any CPU.Build.0 = Debug|Any CPU
		{B428907C-534E-4FCC-B73F-34D589307F3C}.Debug|x64.ActiveCfg = Debug|Any CPU
		{B428907C-534E-4FCC-B73F-34D589307F3C}.Debug|x64.Build.0 = Debug|Any CPU
		{B428907C-534E-4FCC-B73F-34D589307F3C}.Debug|x86.ActiveCfg = Debug|Any CPU
		{B428907C-534E-4FCC-B73F-34D589307F3C}.Debug|x86.Build.0 = Debug|Any CPU
		{B428907C-534E-4FCC-B73F-34D589307F3C}.Release|Any CPU.ActiveCfg = Release|Any CPU
		{B428907C-534E-4FCC-B73F-34D589307F3C}.Release|Any CPU.Build.0 = Release|Any CPU
		{B428907C-534E-4FCC-B73F-34D589307F3C}.Release|x64.ActiveCfg = Release|Any CPU
		{B428907C-534E-4FCC-B73F-34D589307F3C}.Release|x64.Build.0 = Release|Any CPU
		{B428907C-534E-4FCC-B73F-34D589307F3C}.Release|x86.ActiveCfg = Release|Any CPU
		{B428907C-534E-4FCC-B73F-34D589307F3C}.Release|x86.Build.0 = Release|Any CPU
		{F5C12233-5E9A-46DA-9C58-79712888C556}.Debug|Any CPU.ActiveCfg = Debug|Any CPU
		{F5C12233-5E9A-46DA-9C58-79712888C556}.Debug|Any CPU.Build.0 = Debug|Any CPU
		{F5C12233-5E9A-46DA-9C58-79712888C556}.Debug|x64.ActiveCfg = Debug|Any CPU
		{F5C12233-5E9A-46DA-9C58-79712888C556}.Debug|x64.Build.0 = Debug|Any CPU
		{F5C12233-5E9A-46DA-9C58-79712888C556}.Debug|x86.ActiveCfg = Debug|Any CPU
		{F5C12233-5E9A-46DA-9C58-79712888C556}.Debug|x86.Build.0 = Debug|Any CPU
		{F5C12233-5E9A-46DA-9C58-79712888C556}.Release|Any CPU.ActiveCfg = Release|Any CPU
		{F5C12233-5E9A-46DA-9C58-79712888C556}.Release|Any CPU.Build.0 = Release|Any CPU
		{F5C12233-5E9A-46DA-9C58-79712888C556}.Release|x64.ActiveCfg = Release|Any CPU
		{F5C12233-5E9A-46DA-9C58-79712888C556}.Release|x64.Build.0 = Release|Any CPU
		{F5C12233-5E9A-46DA-9C58-79712888C556}.Release|x86.ActiveCfg = Release|Any CPU
		{F5C12233-5E9A-46DA-9C58-79712888C556}.Release|x86.Build.0 = Release|Any CPU
	EndGlobalSection
	GlobalSection(SolutionProperties) = preSolution
		HideSolutionNode = FALSE
	EndGlobalSection
	GlobalSection(NestedProjects) = preSolution
		{6F306EC3-5358-47DA-BDD4-831633896FEF} = {827E0CD3-B72D-47B6-A68D-7590B98EB39B}
		{CAD17EBA-C333-4EF1-9D22-903EBB2F85AE} = {827E0CD3-B72D-47B6-A68D-7590B98EB39B}
		{BC28C8D9-6443-473D-B373-502613784366} = {0AB3BF05-4346-4AA6-1389-037BE0695223}
		{05420CF7-E372-449B-BF90-9942ECA0FFA2} = {0AB3BF05-4346-4AA6-1389-037BE0695223}
		{A367BD4A-F687-4E90-AA40-2B5917597898} = {0AB3BF05-4346-4AA6-1389-037BE0695223}
		{C93FE238-DBE5-47C6-8A20-C533313E6017} = {0AB3BF05-4346-4AA6-1389-037BE0695223}
		{1C28D7CF-818C-4158-896A-80D94DFFAF52} = {0AB3BF05-4346-4AA6-1389-037BE0695223}
		{B428907C-534E-4FCC-B73F-34D589307F3C} = {0AB3BF05-4346-4AA6-1389-037BE0695223}
		{F5C12233-5E9A-46DA-9C58-79712888C556} = {0AB3BF05-4346-4AA6-1389-037BE0695223}
	EndGlobalSection
EndGlobal
